// !$*UTF8*$!
{
	archiveVersion = 1;
	classes = {
	};
	objectVersion = 46;
	objects = {

/* Begin PBXBuildFile section */
		6B129B3E1AD1E4FF00C5BECF /* main.m in Sources */ = {isa = PBXBuildFile; fileRef = 6B129B3D1AD1E4FF00C5BECF /* main.m */; };
		6B129B411AD1E4FF00C5BECF /* AppDelegate.m in Sources */ = {isa = PBXBuildFile; fileRef = 6B129B401AD1E4FF00C5BECF /* AppDelegate.m */; };
		6B129B441AD1E4FF00C5BECF /* GameScene.m in Sources */ = {isa = PBXBuildFile; fileRef = 6B129B431AD1E4FF00C5BECF /* GameScene.m */; };
		6B129B461AD1E4FF00C5BECF /* GameScene.sks in Resources */ = {isa = PBXBuildFile; fileRef = 6B129B451AD1E4FF00C5BECF /* GameScene.sks */; };
		6B129B491AD1E4FF00C5BECF /* GameViewController.m in Sources */ = {isa = PBXBuildFile; fileRef = 6B129B481AD1E4FF00C5BECF /* GameViewController.m */; };
		6B129B4C1AD1E4FF00C5BECF /* Main.storyboard in Resources */ = {isa = PBXBuildFile; fileRef = 6B129B4A1AD1E4FF00C5BECF /* Main.storyboard */; };
		6B129B4E1AD1E4FF00C5BECF /* Images.xcassets in Resources */ = {isa = PBXBuildFile; fileRef = 6B129B4D1AD1E4FF00C5BECF /* Images.xcassets */; };
		6B129B511AD1E4FF00C5BECF /* LaunchScreen.xib in Resources */ = {isa = PBXBuildFile; fileRef = 6B129B4F1AD1E4FF00C5BECF /* LaunchScreen.xib */; };
		6B129B5D1AD1E4FF00C5BECF /* Space_CatTests.m in Sources */ = {isa = PBXBuildFile; fileRef = 6B129B5C1AD1E4FF00C5BECF /* Space_CatTests.m */; };
/* End PBXBuildFile section */

/* Begin PBXContainerItemProxy section */
		6B129B571AD1E4FF00C5BECF /* PBXContainerItemProxy */ = {
			isa = PBXContainerItemProxy;
			containerPortal = 6B129B301AD1E4FF00C5BECF /* Project object */;
			proxyType = 1;
			remoteGlobalIDString = 6B129B371AD1E4FF00C5BECF;
			remoteInfo = "Space Cat";
		};
/* End PBXContainerItemProxy section */

/* Begin PBXFileReference section */
		6B129B381AD1E4FF00C5BECF /* Space Cat.app */ = {isa = PBXFileReference; explicitFileType = wrapper.application; includeInIndex = 0; path = "Space Cat.app"; sourceTree = BUILT_PRODUCTS_DIR; };
		6B129B3C1AD1E4FF00C5BECF /* Info.plist */ = {isa = PBXFileReference; lastKnownFileType = text.plist.xml; path = Info.plist; sourceTree = "<group>"; };
		6B129B3D1AD1E4FF00C5BECF /* main.m */ = {isa = PBXFileReference; lastKnownFileType = sourcecode.c.objc; path = main.m; sourceTree = "<group>"; };
		6B129B3F1AD1E4FF00C5BECF /* AppDelegate.h */ = {isa = PBXFileReference; lastKnownFileType = sourcecode.c.h; path = AppDelegate.h; sourceTree = "<group>"; };
		6B129B401AD1E4FF00C5BECF /* AppDelegate.m */ = {isa = PBXFileReference; lastKnownFileType = sourcecode.c.objc; path = AppDelegate.m; sourceTree = "<group>"; };
		6B129B421AD1E4FF00C5BECF /* GameScene.h */ = {isa = PBXFileReference; lastKnownFileType = sourcecode.c.h; path = GameScene.h; sourceTree = "<group>"; };
		6B129B431AD1E4FF00C5BECF /* GameScene.m */ = {isa = PBXFileReference; lastKnownFileType = sourcecode.c.objc; path = GameScene.m; sourceTree = "<group>"; };
		6B129B451AD1E4FF00C5BECF /* GameScene.sks */ = {isa = PBXFileReference; lastKnownFileType = file.sks; path = GameScene.sks; sourceTree = "<group>"; };
		6B129B471AD1E4FF00C5BECF /* GameViewController.h */ = {isa = PBXFileReference; lastKnownFileType = sourcecode.c.h; path = GameViewController.h; sourceTree = "<group>"; };
		6B129B481AD1E4FF00C5BECF /* GameViewController.m */ = {isa = PBXFileReference; lastKnownFileType = sourcecode.c.objc; path = GameViewController.m; sourceTree = "<group>"; };
		6B129B4B1AD1E4FF00C5BECF /* Base */ = {isa = PBXFileReference; lastKnownFileType = file.storyboard; name = Base; path = Base.lproj/Main.storyboard; sourceTree = "<group>"; };
		6B129B4D1AD1E4FF00C5BECF /* Images.xcassets */ = {isa = PBXFileReference; lastKnownFileType = folder.assetcatalog; path = Images.xcassets; sourceTree = "<group>"; };
		6B129B501AD1E4FF00C5BECF /* Base */ = {isa = PBXFileReference; lastKnownFileType = file.xib; name = Base; path = Base.lproj/LaunchScreen.xib; sourceTree = "<group>"; };
		6B129B561AD1E4FF00C5BECF /* Space CatTests.xctest */ = {isa = PBXFileReference; explicitFileType = wrapper.cfbundle; includeInIndex = 0; path = "Space CatTests.xctest"; sourceTree = BUILT_PRODUCTS_DIR; };
		6B129B5B1AD1E4FF00C5BECF /* Info.plist */ = {isa = PBXFileReference; lastKnownFileType = text.plist.xml; path = Info.plist; sourceTree = "<group>"; };
		6B129B5C1AD1E4FF00C5BECF /* Space_CatTests.m */ = {isa = PBXFileReference; lastKnownFileType = sourcecode.c.objc; path = Space_CatTests.m; sourceTree = "<group>"; };
/* End PBXFileReference section */

/* Begin PBXFrameworksBuildPhase section */
		6B129B351AD1E4FF00C5BECF /* Frameworks */ = {
			isa = PBXFrameworksBuildPhase;
			buildActionMask = 2147483647;
			files = (
			);
			runOnlyForDeploymentPostprocessing = 0;
		};
		6B129B531AD1E4FF00C5BECF /* Frameworks */ = {
			isa = PBXFrameworksBuildPhase;
			buildActionMask = 2147483647;
			files = (
			);
			runOnlyForDeploymentPostprocessing = 0;
		};
/* End PBXFrameworksBuildPhase section */

/* Begin PBXGroup section */
		6B129B2F1AD1E4FF00C5BECF = {
			isa = PBXGroup;
			children = (
				6B129B3A1AD1E4FF00C5BECF /* Space Cat */,
				6B129B591AD1E4FF00C5BECF /* Space CatTests */,
				6B129B391AD1E4FF00C5BECF /* Products */,
			);
			sourceTree = "<group>";
		};
		6B129B391AD1E4FF00C5BECF /* Products */ = {
			isa = PBXGroup;
			children = (
				6B129B381AD1E4FF00C5BECF /* Space Cat.app */,
				6B129B561AD1E4FF00C5BECF /* Space CatTests.xctest */,
			);
			name = Products;
			sourceTree = "<group>";
		};
		6B129B3A1AD1E4FF00C5BECF /* Space Cat */ = {
			isa = PBXGroup;
			children = (
				6B129B3F1AD1E4FF00C5BECF /* AppDelegate.h */,
				6B129B401AD1E4FF00C5BECF /* AppDelegate.m */,
				6B129B421AD1E4FF00C5BECF /* GameScene.h */,
				6B129B431AD1E4FF00C5BECF /* GameScene.m */,
				6B129B451AD1E4FF00C5BECF /* GameScene.sks */,
				6B129B471AD1E4FF00C5BECF /* GameViewController.h */,
				6B129B481AD1E4FF00C5BECF /* GameViewController.m */,
				6B129B4A1AD1E4FF00C5BECF /* Main.storyboard */,
				6B129B4D1AD1E4FF00C5BECF /* Images.xcassets */,
				6B129B4F1AD1E4FF00C5BECF /* LaunchScreen.xib */,
				6B129B3B1AD1E4FF00C5BECF /* Supporting Files */,
			);
			path = "Space Cat";
			sourceTree = "<group>";
		};
		6B129B3B1AD1E4FF00C5BECF /* Supporting Files */ = {
			isa = PBXGroup;
			children = (
				6B129B3C1AD1E4FF00C5BECF /* Info.plist */,
				6B129B3D1AD1E4FF00C5BECF /* main.m */,
			);
			name = "Supporting Files";
			sourceTree = "<group>";
		};
		6B129B591AD1E4FF00C5BECF /* Space CatTests */ = {
			isa = PBXGroup;
			children = (
				6B129B5C1AD1E4FF00C5BECF /* Space_CatTests.m */,
				6B129B5A1AD1E4FF00C5BECF /* Supporting Files */,
			);
			path = "Space CatTests";
			sourceTree = "<group>";
		};
		6B129B5A1AD1E4FF00C5BECF /* Supporting Files */ = {
			isa = PBXGroup;
			children = (
				6B129B5B1AD1E4FF00C5BECF /* Info.plist */,
			);
			name = "Supporting Files";
			sourceTree = "<group>";
		};
/* End PBXGroup section */

/* Begin PBXNativeTarget section */
		6B129B371AD1E4FF00C5BECF /* Space Cat */ = {
			isa = PBXNativeTarget;
			buildConfigurationList = 6B129B601AD1E4FF00C5BECF /* Build configuration list for PBXNativeTarget "Space Cat" */;
			buildPhases = (
				6B129B341AD1E4FF00C5BECF /* Sources */,
				6B129B351AD1E4FF00C5BECF /* Frameworks */,
				6B129B361AD1E4FF00C5BECF /* Resources */,
			);
			buildRules = (
			);
			dependencies = (
			);
			name = "Space Cat";
			productName = "Space Cat";
			productReference = 6B129B381AD1E4FF00C5BECF /* Space Cat.app */;
			productType = "com.apple.product-type.application";
		};
		6B129B551AD1E4FF00C5BECF /* Space CatTests */ = {
			isa = PBXNativeTarget;
			buildConfigurationList = 6B129B631AD1E4FF00C5BECF /* Build configuration list for PBXNativeTarget "Space CatTests" */;
			buildPhases = (
				6B129B521AD1E4FF00C5BECF /* Sources */,
				6B129B531AD1E4FF00C5BECF /* Frameworks */,
				6B129B541AD1E4FF00C5BECF /* Resources */,
			);
			buildRules = (
			);
			dependencies = (
				6B129B581AD1E4FF00C5BECF /* PBXTargetDependency */,
			);
			name = "Space CatTests";
			productName = "Space CatTests";
			productReference = 6B129B561AD1E4FF00C5BECF /* Space CatTests.xctest */;
			productType = "com.apple.product-type.bundle.unit-test";
		};
/* End PBXNativeTarget section */

/* Begin PBXProject section */
		6B129B301AD1E4FF00C5BECF /* Project object */ = {
			isa = PBXProject;
			attributes = {
				LastUpgradeCheck = 0610;
				ORGANIZATIONNAME = "Arman Bhalla";
				TargetAttributes = {
					6B129B371AD1E4FF00C5BECF = {
						CreatedOnToolsVersion = 6.1.1;
					};
					6B129B551AD1E4FF00C5BECF = {
						CreatedOnToolsVersion = 6.1.1;
						TestTargetID = 6B129B371AD1E4FF00C5BECF;
					};
				};
			};
			buildConfigurationList = 6B129B331AD1E4FF00C5BECF /* Build configuration list for PBXProject "Space Cat" */;
			compatibilityVersion = "Xcode 3.2";
			developmentRegion = English;
			hasScannedForEncodings = 0;
			knownRegions = (
				en,
				Base,
			);
			mainGroup = 6B129B2F1AD1E4FF00C5BECF;
			productRefGroup = 6B129B391AD1E4FF00C5BECF /* Products */;
			projectDirPath = "";
			projectRoot = "";
			targets = (
				6B129B371AD1E4FF00C5BECF /* Space Cat */,
				6B129B551AD1E4FF00C5BECF /* Space CatTests */,
			);
		};
/* End PBXProject section */

/* Begin PBXResourcesBuildPhase section */
		6B129B361AD1E4FF00C5BECF /* Resources */ = {
			isa = PBXResourcesBuildPhase;
			buildActionMask = 2147483647;
			files = (
				6B129B511AD1E4FF00C5BECF /* LaunchScreen.xib in Resources */,
				6B129B4E1AD1E4FF00C5BECF /* Images.xcassets in Resources */,
				6B129B461AD1E4FF00C5BECF /* GameScene.sks in Resources */,
				6B129B4C1AD1E4FF00C5BECF /* Main.storyboard in Resources */,
			);
			runOnlyForDeploymentPostprocessing = 0;
		};
		6B129B541AD1E4FF00C5BECF /* Resources */ = {
			isa = PBXResourcesBuildPhase;
			buildActionMask = 2147483647;
			files = (
			);
			runOnlyForDeploymentPostprocessing = 0;
		};
/* End PBXResourcesBuildPhase section */

/* Begin PBXSourcesBuildPhase section */
		6B129B341AD1E4FF00C5BECF /* Sources */ = {
			isa = PBXSourcesBuildPhase;
			buildActionMask = 2147483647;
			files = (
				6B129B491AD1E4FF00C5BECF /* GameViewController.m in Sources */,
				6B129B411AD1E4FF00C5BECF /* AppDelegate.m in Sources */,
				6B129B441AD1E4FF00C5BECF /* GameScene.m in Sources */,
				6B129B3E1AD1E4FF00C5BECF /* main.m in Sources */,
			);
			runOnlyForDeploymentPostprocessing = 0;
		};
		6B129B521AD1E4FF00C5BECF /* Sources */ = {
			isa = PBXSourcesBuildPhase;
			buildActionMask = 2147483647;
			files = (
				6B129B5D1AD1E4FF00C5BECF /* Space_CatTests.m in Sources */,
			);
			runOnlyForDeploymentPostprocessing = 0;
		};
/* End PBXSourcesBuildPhase section */

/* Begin PBXTargetDependency section */
		6B129B581AD1E4FF00C5BECF /* PBXTargetDependency */ = {
			isa = PBXTargetDependency;
			target = 6B129B371AD1E4FF00C5BECF /* Space Cat */;
			targetProxy = 6B129B571AD1E4FF00C5BECF /* PBXContainerItemProxy */;
		};
/* End PBXTargetDependency section */

/* Begin PBXVariantGroup section */
		6B129B4A1AD1E4FF00C5BECF /* Main.storyboard */ = {
			isa = PBXVariantGroup;
			children = (
				6B129B4B1AD1E4FF00C5BECF /* Base */,
			);
			name = Main.storyboard;
			sourceTree = "<group>";
		};
		6B129B4F1AD1E4FF00C5BECF /* LaunchScreen.xib */ = {
			isa = PBXVariantGroup;
			children = (
				6B129B501AD1E4FF00C5BECF /* Base */,
			);
			name = LaunchScreen.xib;
			sourceTree = "<group>";
		};
/* End PBXVariantGroup section */

/* Begin XCBuildConfiguration section */
		6B129B5E1AD1E4FF00C5BECF /* Debug */ = {
			isa = XCBuildConfiguration;
			buildSettings = {
				ALWAYS_SEARCH_USER_PATHS = NO;
				CLANG_CXX_LANGUAGE_STANDARD = "gnu++0x";
				CLANG_CXX_LIBRARY = "libc++";
				CLANG_ENABLE_MODULES = YES;
				CLANG_ENABLE_OBJC_ARC = YES;
				CLANG_WARN_BOOL_CONVERSION = YES;
				CLANG_WARN_CONSTANT_CONVERSION = YES;
				CLANG_WARN_DIRECT_OBJC_ISA_USAGE = YES_ERROR;
				CLANG_WARN_EMPTY_BODY = YES;
				CLANG_WARN_ENUM_CONVERSION = YES;
				CLANG_WARN_INT_CONVERSION = YES;
				CLANG_WARN_OBJC_ROOT_CLASS = YES_ERROR;
				CLANG_WARN_UNREACHABLE_CODE = YES;
				CLANG_WARN__DUPLICATE_METHOD_MATCH = YES;
				"CODE_SIGN_IDENTITY[sdk=iphoneos*]" = "iPhone Developer";
				COPY_PHASE_STRIP = NO;
				ENABLE_STRICT_OBJC_MSGSEND = YES;
				GCC_C_LANGUAGE_STANDARD = gnu99;
				GCC_DYNAMIC_NO_PIC = NO;
				GCC_OPTIMIZATION_LEVEL = 0;
				GCC_PREPROCESSOR_DEFINITIONS = (
					"DEBUG=1",
					"$(inherited)",
				);
				GCC_SYMBOLS_PRIVATE_EXTERN = NO;
				GCC_WARN_64_TO_32_BIT_CONVERSION = YES;
				GCC_WARN_ABOUT_RETURN_TYPE = YES_ERROR;
				GCC_WARN_UNDECLARED_SELECTOR = YES;
				GCC_WARN_UNINITIALIZED_AUTOS = YES_AGGRESSIVE;
				GCC_WARN_UNUSED_FUNCTION = YES;
				GCC_WARN_UNUSED_VARIABLE = YES;
				IPHONEOS_DEPLOYMENT_TARGET = 8.1;
				MTL_ENABLE_DEBUG_INFO = YES;
				ONLY_ACTIVE_ARCH = YES;
				SDKROOT = iphoneos;
			};
			name = Debug;
		};
		6B129B5F1AD1E4FF00C5BECF /* Release */ = {
			isa = XCBuildConfiguration;
			buildSettings = {
				ALWAYS_SEARCH_USER_PATHS = NO;
				CLANG_CXX_LANGUAGE_STANDARD = "gnu++0x";
				CLANG_CXX_LIBRARY = "libc++";
				CLANG_ENABLE_MODULES = YES;
				CLANG_ENABLE_OBJC_ARC = YES;
				CLANG_WARN_BOOL_CONVERSION = YES;
				CLANG_WARN_CONSTANT_CONVERSION = YES;
				CLANG_WARN_DIRECT_OBJC_ISA_USAGE = YES_ERROR;
				CLANG_WARN_EMPTY_BODY = YES;
				CLANG_WARN_ENUM_CONVERSION = YES;
				CLANG_WARN_INT_CONVERSION = YES;
				CLANG_WARN_OBJC_ROOT_CLASS = YES_ERROR;
				CLANG_WARN_UNREACHABLE_CODE = YES;
				CLANG_WARN__DUPLICATE_METHOD_MATCH = YES;
				"CODE_SIGN_IDENTITY[sdk=iphoneos*]" = "iPhone Developer";
				COPY_PHASE_STRIP = YES;
				ENABLE_NS_ASSERTIONS = NO;
				ENABLE_STRICT_OBJC_MSGSEND = YES;
				GCC_C_LANGUAGE_STANDARD = gnu99;
				GCC_WARN_64_TO_32_BIT_CONVERSION = YES;
				GCC_WARN_ABOUT_RETURN_TYPE = YES_ERROR;
				GCC_WARN_UNDECLARED_SELECTOR = YES;
				GCC_WARN_UNINITIALIZED_AUTOS = YES_AGGRESSIVE;
				GCC_WARN_UNUSED_FUNCTION = YES;
				GCC_WARN_UNUSED_VARIABLE = YES;
				IPHONEOS_DEPLOYMENT_TARGET = 8.1;
				MTL_ENABLE_DEBUG_INFO = NO;
				SDKROOT = iphoneos;
				VALIDATE_PRODUCT = YES;
			};
			name = Release;
		};
		6B129B611AD1E4FF00C5BECF /* Debug */ = {
			isa = XCBuildConfiguration;
			buildSettings = {
				ASSETCATALOG_COMPILER_APPICON_NAME = AppIcon;
				INFOPLIST_FILE = "Space Cat/Info.plist";
				LD_RUNPATH_SEARCH_PATHS = "$(inherited) @executable_path/Frameworks";
				PRODUCT_NAME = "$(TARGET_NAME)";
			};
			name = Debug;
		};
		6B129B621AD1E4FF00C5BECF /* Release */ = {
			isa = XCBuildConfiguration;
			buildSettings = {
				ASSETCATALOG_COMPILER_APPICON_NAME = AppIcon;
				INFOPLIST_FILE = "Space Cat/Info.plist";
				LD_RUNPATH_SEARCH_PATHS = "$(inherited) @executable_path/Frameworks";
				PRODUCT_NAME = "$(TARGET_NAME)";
			};
			name = Release;
		};
		6B129B641AD1E4FF00C5BECF /* Debug */ = {
			isa = XCBuildConfiguration;
			buildSettings = {
				BUNDLE_LOADER = "$(TEST_HOST)";
				FRAMEWORK_SEARCH_PATHS = (
					"$(SDKROOT)/Developer/Library/Frameworks",
					"$(inherited)",
				);
				GCC_PREPROCESSOR_DEFINITIONS = (
					"DEBUG=1",
					"$(inherited)",
				);
				INFOPLIST_FILE = "Space CatTests/Info.plist";
				LD_RUNPATH_SEARCH_PATHS = "$(inherited) @executable_path/Frameworks @loader_path/Frameworks";
				PRODUCT_NAME = "$(TARGET_NAME)";
				TEST_HOST = "$(BUILT_PRODUCTS_DIR)/Space Cat.app/Space Cat";
			};
			name = Debug;
		};
		6B129B651AD1E4FF00C5BECF /* Release */ = {
			isa = XCBuildConfiguration;
			buildSettings = {
				BUNDLE_LOADER = "$(TEST_HOST)";
				FRAMEWORK_SEARCH_PATHS = (
					"$(SDKROOT)/Developer/Library/Frameworks",
					"$(inherited)",
				);
				INFOPLIST_FILE = "Space CatTests/Info.plist";
				LD_RUNPATH_SEARCH_PATHS = "$(inherited) @executable_path/Frameworks @loader_path/Frameworks";
				PRODUCT_NAME = "$(TARGET_NAME)";
				TEST_HOST = "$(BUILT_PRODUCTS_DIR)/Space Cat.app/Space Cat";
			};
			name = Release;
		};
/* End XCBuildConfiguration section */

/* Begin XCConfigurationList section */
		6B129B331AD1E4FF00C5BECF /* Build configuration list for PBXProject "Space Cat" */ = {
			isa = XCConfigurationList;
			buildConfigurations = (
				6B129B5E1AD1E4FF00C5BECF /* Debug */,
				6B129B5F1AD1E4FF00C5BECF /* Release */,
			);
			defaultConfigurationIsVisible = 0;
			defaultConfigurationName = Release;
		};
		6B129B601AD1E4FF00C5BECF /* Build configuration list for PBXNativeTarget "Space Cat" */ = {
			isa = XCConfigurationList;
			buildConfigurations = (
				6B129B611AD1E4FF00C5BECF /* Debug */,
				6B129B621AD1E4FF00C5BECF /* Release */,
			);
			defaultConfigurationIsVisible = 0;
		};
		6B129B631AD1E4FF00C5BECF /* Build configuration list for PBXNativeTarget "Space CatTests" */ = {
			isa = XCConfigurationList;
			buildConfigurations = (
				6B129B641AD1E4FF00C5BECF /* Debug */,
				6B129B651AD1E4FF00C5BECF /* Release */,
			);
			defaultConfigurationIsVisible = 0;
		};
/* End XCConfigurationList section */
	};
	rootObject = 6B129B301AD1E4FF00C5BECF /* Project object */;
}
